
Microsoft Visual Studio Solution File, Format Version 12.00
# Visual Studio Version 17
VisualStudioVersion = 17.4.33205.214
MinimumVisualStudioVersion = 10.0.40219.1
Project("{FAE04EC0-301F-11D3-BF4B-00C04F79EFBC}") = "CleaningServiceDemo", "CleaningServiceDemo\CleaningServiceDemo.csproj", "{1C2B86A0-17A0-4F43-81DF-92CD56AE14B3}"
EndProject
Project("{FAE04EC0-301F-11D3-BF4B-00C04F79EFBC}") = "CleaningAppDemo.DataAccess", "CleaningAppDemo.DataAccess\CleaningAppDemo.DataAccess.csproj", "{F23D068F-EF7B-4D16-9E45-96149FDDA4C8}"
EndProject
Global
	GlobalSection(SolutionConfigurationPlatforms) = preSolution
		Debug|Any CPU = Debug|Any CPU
		Release|Any CPU = Release|Any CPU
	EndGlobalSection
	GlobalSection(ProjectConfigurationPlatforms) = postSolution
		{1C2B86A0-17A0-4F43-81DF-92CD56AE14B3}.Debug|Any CPU.ActiveCfg = Debug|Any CPU
		{1C2B86A0-17A0-4F43-81DF-92CD56AE14B3}.Debug|Any CPU.Build.0 = Debug|Any CPU
		{1C2B86A0-17A0-4F43-81DF-92CD56AE14B3}.Release|Any CPU.ActiveCfg = Release|Any CPU
		{1C2B86A0-17A0-4F43-81DF-92CD56AE14B3}.Release|Any CPU.Build.0 = Release|Any CPU
		{F23D068F-EF7B-4D16-9E45-96149FDDA4C8}.Debug|Any CPU.ActiveCfg = Debug|Any CPU
		{F23D068F-EF7B-4D16-9E45-96149FDDA4C8}.Debug|Any CPU.Build.0 = Debug|Any CPU
		{F23D068F-EF7B-4D16-9E45-96149FDDA4C8}.Release|Any CPU.ActiveCfg = Release|Any CPU
		{F23D068F-EF7B-4D16-9E45-96149FDDA4C8}.Release|Any CPU.Build.0 = Release|Any CPU
	EndGlobalSection
	GlobalSection(SolutionProperties) = preSolution
		HideSolutionNode = FALSE
	EndGlobalSection
	GlobalSection(ExtensibilityGlobals) = postSolution
		SolutionGuid = {1F9F7A43-90B5-46F4-9FDE-A335DD5FCC92}
	EndGlobalSection
EndGlobal
